// !$*UTF8*$!
{
	archiveVersion = 1;
	classes = {
	};
	objectVersion = 56;
	objects = {

/* Begin PBXBuildFile section */
		F771F2252B10382C00928D99 /* docLab2App.swift in Sources */ = {isa = PBXBuildFile; fileRef = F771F2242B10382C00928D99 /* docLab2App.swift */; };
		F771F2272B10382C00928D99 /* ContentView.swift in Sources */ = {isa = PBXBuildFile; fileRef = F771F2262B10382C00928D99 /* ContentView.swift */; };
		F771F2292B10382E00928D99 /* Assets.xcassets in Resources */ = {isa = PBXBuildFile; fileRef = F771F2282B10382E00928D99 /* Assets.xcassets */; };
		F771F22C2B10382E00928D99 /* Preview Assets.xcassets in Resources */ = {isa = PBXBuildFile; fileRef = F771F22B2B10382E00928D99 /* Preview Assets.xcassets */; };
		F771F2352B10399800928D99 /* .gitignore in Resources */ = {isa = PBXBuildFile; fileRef = F771F2342B10399800928D99 /* .gitignore */; };
		F771F2372B1039B500928D99 /* README.md in Resources */ = {isa = PBXBuildFile; fileRef = F771F2362B1039B500928D99 /* README.md */; };
		F771F23A2B103A9600928D99 /* Nunito-Bold.ttf in Resources */ = {isa = PBXBuildFile; fileRef = F771F2392B103A9600928D99 /* Nunito-Bold.ttf */; };
		F771F23C2B103AA600928D99 /* Poppins-Bold.ttf in Resources */ = {isa = PBXBuildFile; fileRef = F771F23B2B103AA500928D99 /* Poppins-Bold.ttf */; };
		F771F23E2B103AB000928D99 /* Poppins-SemiBold.ttf in Resources */ = {isa = PBXBuildFile; fileRef = F771F23D2B103AB000928D99 /* Poppins-SemiBold.ttf */; };
		F771F2402B103AB900928D99 /* Poppins-Regular.ttf in Resources */ = {isa = PBXBuildFile; fileRef = F771F23F2B103AB900928D99 /* Poppins-Regular.ttf */; };
		F771F2442B103B4E00928D99 /* sizeFonts.swift in Sources */ = {isa = PBXBuildFile; fileRef = F771F2432B103B4E00928D99 /* sizeFonts.swift */; };
		F771F2462B103C3F00928D99 /* Localizable.strings in Resources */ = {isa = PBXBuildFile; fileRef = F771F2452B103C3F00928D99 /* Localizable.strings */; };
/* End PBXBuildFile section */

/* Begin PBXFileReference section */
		F771F2212B10382C00928D99 /* docLab2.app */ = {isa = PBXFileReference; explicitFileType = wrapper.application; includeInIndex = 0; path = docLab2.app; sourceTree = BUILT_PRODUCTS_DIR; };
		F771F2242B10382C00928D99 /* docLab2App.swift */ = {isa = PBXFileReference; lastKnownFileType = sourcecode.swift; path = docLab2App.swift; sourceTree = "<group>"; };
		F771F2262B10382C00928D99 /* ContentView.swift */ = {isa = PBXFileReference; lastKnownFileType = sourcecode.swift; path = ContentView.swift; sourceTree = "<group>"; };
		F771F2282B10382E00928D99 /* Assets.xcassets */ = {isa = PBXFileReference; lastKnownFileType = folder.assetcatalog; path = Assets.xcassets; sourceTree = "<group>"; };
		F771F22B2B10382E00928D99 /* Preview Assets.xcassets */ = {isa = PBXFileReference; lastKnownFileType = folder.assetcatalog; path = "Preview Assets.xcassets"; sourceTree = "<group>"; };
		F771F2342B10399800928D99 /* .gitignore */ = {isa = PBXFileReference; lastKnownFileType = text; path = .gitignore; sourceTree = "<group>"; };
		F771F2362B1039B500928D99 /* README.md */ = {isa = PBXFileReference; lastKnownFileType = net.daringfireball.markdown; path = README.md; sourceTree = "<group>"; };
		F771F2392B103A9600928D99 /* Nunito-Bold.ttf */ = {isa = PBXFileReference; lastKnownFileType = file; name = "Nunito-Bold.ttf"; path = "../../../../Downloads/Nunito/static/Nunito-Bold.ttf"; sourceTree = "<group>"; };
		F771F23B2B103AA500928D99 /* Poppins-Bold.ttf */ = {isa = PBXFileReference; lastKnownFileType = file; name = "Poppins-Bold.ttf"; path = "../../../../Downloads/Poppins/Poppins-Bold.ttf"; sourceTree = "<group>"; };
		F771F23D2B103AB000928D99 /* Poppins-SemiBold.ttf */ = {isa = PBXFileReference; lastKnownFileType = file; name = "Poppins-SemiBold.ttf"; path = "../../../../Downloads/Poppins/Poppins-SemiBold.ttf"; sourceTree = "<group>"; };
		F771F23F2B103AB900928D99 /* Poppins-Regular.ttf */ = {isa = PBXFileReference; lastKnownFileType = file; name = "Poppins-Regular.ttf"; path = "../../../../Downloads/Poppins/Poppins-Regular.ttf"; sourceTree = "<group>"; };
		F771F2412B103ACF00928D99 /* Info.plist */ = {isa = PBXFileReference; lastKnownFileType = text.plist; path = Info.plist; sourceTree = "<group>"; };
		F771F2432B103B4E00928D99 /* sizeFonts.swift */ = {isa = PBXFileReference; lastKnownFileType = sourcecode.swift; path = sizeFonts.swift; sourceTree = "<group>"; };
		F771F2452B103C3F00928D99 /* Localizable.strings */ = {isa = PBXFileReference; lastKnownFileType = text.plist.strings; path = Localizable.strings; sourceTree = "<group>"; };
/* End PBXFileReference section */

/* Begin PBXFrameworksBuildPhase section */
		F771F21E2B10382C00928D99 /* Frameworks */ = {
			isa = PBXFrameworksBuildPhase;
			buildActionMask = 2147483647;
			files = (
			);
			runOnlyForDeploymentPostprocessing = 0;
		};
/* End PBXFrameworksBuildPhase section */

/* Begin PBXGroup section */
		F771F2182B10382C00928D99 = {
			isa = PBXGroup;
			children = (
				F771F2362B1039B500928D99 /* README.md */,
				F771F2342B10399800928D99 /* .gitignore */,
				F771F2232B10382C00928D99 /* docLab2 */,
				F771F2222B10382C00928D99 /* Products */,
			);
			sourceTree = "<group>";
		};
		F771F2222B10382C00928D99 /* Products */ = {
			isa = PBXGroup;
			children = (
				F771F2212B10382C00928D99 /* docLab2.app */,
			);
			name = Products;
			sourceTree = "<group>";
		};
		F771F2232B10382C00928D99 /* docLab2 */ = {
			isa = PBXGroup;
			children = (
				F771F2422B103B3200928D99 /* LocalTools */,
				F771F2412B103ACF00928D99 /* Info.plist */,
				F771F2382B103A7C00928D99 /* Fonts */,
				F771F2242B10382C00928D99 /* docLab2App.swift */,
				F771F2262B10382C00928D99 /* ContentView.swift */,
				F771F2282B10382E00928D99 /* Assets.xcassets */,
				F771F22A2B10382E00928D99 /* Preview Content */,
			);
			path = docLab2;
			sourceTree = "<group>";
		};
		F771F22A2B10382E00928D99 /* Preview Content */ = {
			isa = PBXGroup;
			children = (
				F771F22B2B10382E00928D99 /* Preview Assets.xcassets */,
			);
			path = "Preview Content";
			sourceTree = "<group>";
		};
		F771F2382B103A7C00928D99 /* Fonts */ = {
			isa = PBXGroup;
			children = (
				F771F23F2B103AB900928D99 /* Poppins-Regular.ttf */,
				F771F23D2B103AB000928D99 /* Poppins-SemiBold.ttf */,
				F771F23B2B103AA500928D99 /* Poppins-Bold.ttf */,
				F771F2392B103A9600928D99 /* Nunito-Bold.ttf */,
			);
			path = Fonts;
			sourceTree = "<group>";
		};
		F771F2422B103B3200928D99 /* LocalTools */ = {
			isa = PBXGroup;
			children = (
				F771F2432B103B4E00928D99 /* sizeFonts.swift */,
				F771F2452B103C3F00928D99 /* Localizable.strings */,
			);
			path = LocalTools;
			sourceTree = "<group>";
		};
/* End PBXGroup section */

/* Begin PBXNativeTarget section */
		F771F2202B10382C00928D99 /* docLab2 */ = {
			isa = PBXNativeTarget;
			buildConfigurationList = F771F22F2B10382E00928D99 /* Build configuration list for PBXNativeTarget "docLab2" */;
			buildPhases = (
				F771F21D2B10382C00928D99 /* Sources */,
				F771F21E2B10382C00928D99 /* Frameworks */,
				F771F21F2B10382C00928D99 /* Resources */,
			);
			buildRules = (
			);
			dependencies = (
			);
			name = docLab2;
			productName = docLab2;
			productReference = F771F2212B10382C00928D99 /* docLab2.app */;
			productType = "com.apple.product-type.application";
		};
/* End PBXNativeTarget section */

/* Begin PBXProject section */
		F771F2192B10382C00928D99 /* Project object */ = {
			isa = PBXProject;
			attributes = {
				BuildIndependentTargetsInParallel = 1;
				LastSwiftUpdateCheck = 1430;
				LastUpgradeCheck = 1430;
				TargetAttributes = {
					F771F2202B10382C00928D99 = {
						CreatedOnToolsVersion = 14.3.1;
					};
				};
			};
			buildConfigurationList = F771F21C2B10382C00928D99 /* Build configuration list for PBXProject "docLab2" */;
			compatibilityVersion = "Xcode 14.0";
			developmentRegion = en;
			hasScannedForEncodings = 0;
			knownRegions = (
				en,
				Base,
			);
			mainGroup = F771F2182B10382C00928D99;
			productRefGroup = F771F2222B10382C00928D99 /* Products */;
			projectDirPath = "";
			projectRoot = "";
			targets = (
				F771F2202B10382C00928D99 /* docLab2 */,
			);
		};
/* End PBXProject section */

/* Begin PBXResourcesBuildPhase section */
		F771F21F2B10382C00928D99 /* Resources */ = {
			isa = PBXResourcesBuildPhase;
			buildActionMask = 2147483647;
			files = (
				F771F22C2B10382E00928D99 /* Preview Assets.xcassets in Resources */,
				F771F23E2B103AB000928D99 /* Poppins-SemiBold.ttf in Resources */,
				F771F23C2B103AA600928D99 /* Poppins-Bold.ttf in Resources */,
				F771F23A2B103A9600928D99 /* Nunito-Bold.ttf in Resources */,
				F771F2462B103C3F00928D99 /* Localizable.strings in Resources */,
				F771F2352B10399800928D99 /* .gitignore in Resources */,
				F771F2372B1039B500928D99 /* README.md in Resources */,
				F771F2292B10382E00928D99 /* Assets.xcassets in Resources */,
				F771F2402B103AB900928D99 /* Poppins-Regular.ttf in Resources */,
			);
			runOnlyForDeploymentPostprocessing = 0;
		};
/* End PBXResourcesBuildPhase section */

/* Begin PBXSourcesBuildPhase section */
		F771F21D2B10382C00928D99 /* Sources */ = {
			isa = PBXSourcesBuildPhase;
			buildActionMask = 2147483647;
			files = (
				F771F2272B10382C00928D99 /* ContentView.swift in Sources */,
				F771F2442B103B4E00928D99 /* sizeFonts.swift in Sources */,
				F771F2252B10382C00928D99 /* docLab2App.swift in Sources */,
			);
			runOnlyForDeploymentPostprocessing = 0;
		};
/* End PBXSourcesBuildPhase section */

/* Begin XCBuildConfiguration section */
		F771F22D2B10382E00928D99 /* Debug */ = {
			isa = XCBuildConfiguration;
			buildSettings = {
				ALWAYS_SEARCH_USER_PATHS = NO;
				CLANG_ANALYZER_NONNULL = YES;
				CLANG_ANALYZER_NUMBER_OBJECT_CONVERSION = YES_AGGRESSIVE;
				CLANG_CXX_LANGUAGE_STANDARD = "gnu++20";
				CLANG_ENABLE_MODULES = YES;
				CLANG_ENABLE_OBJC_ARC = YES;
				CLANG_ENABLE_OBJC_WEAK = YES;
				CLANG_WARN_BLOCK_CAPTURE_AUTORELEASING = YES;
				CLANG_WARN_BOOL_CONVERSION = YES;
				CLANG_WARN_COMMA = YES;
				CLANG_WARN_CONSTANT_CONVERSION = YES;
				CLANG_WARN_DEPRECATED_OBJC_IMPLEMENTATIONS = YES;
				CLANG_WARN_DIRECT_OBJC_ISA_USAGE = YES_ERROR;
				CLANG_WARN_DOCUMENTATION_COMMENTS = YES;
				CLANG_WARN_EMPTY_BODY = YES;
				CLANG_WARN_ENUM_CONVERSION = YES;
				CLANG_WARN_INFINITE_RECURSION = YES;
				CLANG_WARN_INT_CONVERSION = YES;
				CLANG_WARN_NON_LITERAL_NULL_CONVERSION = YES;
				CLANG_WARN_OBJC_IMPLICIT_RETAIN_SELF = YES;
				CLANG_WARN_OBJC_LITERAL_CONVERSION = YES;
				CLANG_WARN_OBJC_ROOT_CLASS = YES_ERROR;
				CLANG_WARN_QUOTED_INCLUDE_IN_FRAMEWORK_HEADER = YES;
				CLANG_WARN_RANGE_LOOP_ANALYSIS = YES;
				CLANG_WARN_STRICT_PROTOTYPES = YES;
				CLANG_WARN_SUSPICIOUS_MOVE = YES;
				CLANG_WARN_UNGUARDED_AVAILABILITY = YES_AGGRESSIVE;
				CLANG_WARN_UNREACHABLE_CODE = YES;
				CLANG_WARN__DUPLICATE_METHOD_MATCH = YES;
				COPY_PHASE_STRIP = NO;
				DEBUG_INFORMATION_FORMAT = dwarf;
				ENABLE_STRICT_OBJC_MSGSEND = YES;
				ENABLE_TESTABILITY = YES;
				GCC_C_LANGUAGE_STANDARD = gnu11;
				GCC_DYNAMIC_NO_PIC = NO;
				GCC_NO_COMMON_BLOCKS = YES;
				GCC_OPTIMIZATION_LEVEL = 0;
				GCC_PREPROCESSOR_DEFINITIONS = (
					"DEBUG=1",
					"$(inherited)",
				);
				GCC_WARN_64_TO_32_BIT_CONVERSION = YES;
				GCC_WARN_ABOUT_RETURN_TYPE = YES_ERROR;
				GCC_WARN_UNDECLARED_SELECTOR = YES;
				GCC_WARN_UNINITIALIZED_AUTOS = YES_AGGRESSIVE;
				GCC_WARN_UNUSED_FUNCTION = YES;
				GCC_WARN_UNUSED_VARIABLE = YES;
				IPHONEOS_DEPLOYMENT_TARGET = 16.4;
				MTL_ENABLE_DEBUG_INFO = INCLUDE_SOURCE;
				MTL_FAST_MATH = YES;
				ONLY_ACTIVE_ARCH = YES;
				SDKROOT = iphoneos;
				SWIFT_ACTIVE_COMPILATION_CONDITIONS = DEBUG;
				SWIFT_OPTIMIZATION_LEVEL = "-Onone";
			};
			name = Debug;
		};
		F771F22E2B10382E00928D99 /* Release */ = {
			isa = XCBuildConfiguration;
			buildSettings = {
				ALWAYS_SEARCH_USER_PATHS = NO;
				CLANG_ANALYZER_NONNULL = YES;
				CLANG_ANALYZER_NUMBER_OBJECT_CONVERSION = YES_AGGRESSIVE;
				CLANG_CXX_LANGUAGE_STANDARD = "gnu++20";
				CLANG_ENABLE_MODULES = YES;
				CLANG_ENABLE_OBJC_ARC = YES;
				CLANG_ENABLE_OBJC_WEAK = YES;
				CLANG_WARN_BLOCK_CAPTURE_AUTORELEASING = YES;
				CLANG_WARN_BOOL_CONVERSION = YES;
				CLANG_WARN_COMMA = YES;
				CLANG_WARN_CONSTANT_CONVERSION = YES;
				CLANG_WARN_DEPRECATED_OBJC_IMPLEMENTATIONS = YES;
				CLANG_WARN_DIRECT_OBJC_ISA_USAGE = YES_ERROR;
				CLANG_WARN_DOCUMENTATION_COMMENTS = YES;
				CLANG_WARN_EMPTY_BODY = YES;
				CLANG_WARN_ENUM_CONVERSION = YES;
				CLANG_WARN_INFINITE_RECURSION = YES;
				CLANG_WARN_INT_CONVERSION = YES;
				CLANG_WARN_NON_LITERAL_NULL_CONVERSION = YES;
				CLANG_WARN_OBJC_IMPLICIT_RETAIN_SELF = YES;
				CLANG_WARN_OBJC_LITERAL_CONVERSION = YES;
				CLANG_WARN_OBJC_ROOT_CLASS = YES_ERROR;
				CLANG_WARN_QUOTED_INCLUDE_IN_FRAMEWORK_HEADER = YES;
				CLANG_WARN_RANGE_LOOP_ANALYSIS = YES;
				CLANG_WARN_STRICT_PROTOTYPES = YES;
				CLANG_WARN_SUSPICIOUS_MOVE = YES;
				CLANG_WARN_UNGUARDED_AVAILABILITY = YES_AGGRESSIVE;
				CLANG_WARN_UNREACHABLE_CODE = YES;
				CLANG_WARN__DUPLICATE_METHOD_MATCH = YES;
				COPY_PHASE_STRIP = NO;
				DEBUG_INFORMATION_FORMAT = "dwarf-with-dsym";
				ENABLE_NS_ASSERTIONS = NO;
				ENABLE_STRICT_OBJC_MSGSEND = YES;
				GCC_C_LANGUAGE_STANDARD = gnu11;
				GCC_NO_COMMON_BLOCKS = YES;
				GCC_WARN_64_TO_32_BIT_CONVERSION = YES;
				GCC_WARN_ABOUT_RETURN_TYPE = YES_ERROR;
				GCC_WARN_UNDECLARED_SELECTOR = YES;
				GCC_WARN_UNINITIALIZED_AUTOS = YES_AGGRESSIVE;
				GCC_WARN_UNUSED_FUNCTION = YES;
				GCC_WARN_UNUSED_VARIABLE = YES;
				IPHONEOS_DEPLOYMENT_TARGET = 16.4;
				MTL_ENABLE_DEBUG_INFO = NO;
				MTL_FAST_MATH = YES;
				SDKROOT = iphoneos;
				SWIFT_COMPILATION_MODE = wholemodule;
				SWIFT_OPTIMIZATION_LEVEL = "-O";
				VALIDATE_PRODUCT = YES;
			};
			name = Release;
		};
		F771F2302B10382E00928D99 /* Debug */ = {
			isa = XCBuildConfiguration;
			buildSettings = {
				ASSETCATALOG_COMPILER_APPICON_NAME = AppIcon;
				ASSETCATALOG_COMPILER_GLOBAL_ACCENT_COLOR_NAME = AccentColor;
				CODE_SIGN_STYLE = Automatic;
				CURRENT_PROJECT_VERSION = 1;
				DEVELOPMENT_ASSET_PATHS = "\"docLab2/Preview Content\"";
				ENABLE_PREVIEWS = YES;
				GENERATE_INFOPLIST_FILE = YES;
				INFOPLIST_FILE = docLab2/Info.plist;
				INFOPLIST_KEY_UIApplicationSceneManifest_Generation = YES;
				INFOPLIST_KEY_UIApplicationSupportsIndirectInputEvents = YES;
				INFOPLIST_KEY_UILaunchScreen_Generation = YES;
				INFOPLIST_KEY_UISupportedInterfaceOrientations_iPad = "UIInterfaceOrientationPortrait UIInterfaceOrientationPortraitUpsideDown UIInterfaceOrientationLandscapeLeft UIInterfaceOrientationLandscapeRight";
				INFOPLIST_KEY_UISupportedInterfaceOrientations_iPhone = "UIInterfaceOrientationPortrait UIInterfaceOrientationLandscapeLeft UIInterfaceOrientationLandscapeRight";
				LD_RUNPATH_SEARCH_PATHS = (
					"$(inherited)",
					"@executable_path/Frameworks",
				);
				MARKETING_VERSION = 1.0;
				PRODUCT_BUNDLE_IDENTIFIER = com.experiment.docLab2;
				PRODUCT_NAME = "$(TARGET_NAME)";
				SWIFT_EMIT_LOC_STRINGS = YES;
				SWIFT_VERSION = 5.0;
				TARGETED_DEVICE_FAMILY = "1,2";
			};
			name = Debug;
		};
		F771F2312B10382E00928D99 /* Release */ = {
			isa = XCBuildConfiguration;
			buildSettings = {
				ASSETCATALOG_COMPILER_APPICON_NAME = AppIcon;
				ASSETCATALOG_COMPILER_GLOBAL_ACCENT_COLOR_NAME = AccentColor;
				CODE_SIGN_STYLE = Automatic;
				CURRENT_PROJECT_VERSION = 1;
				DEVELOPMENT_ASSET_PATHS = "\"docLab2/Preview Content\"";
				ENABLE_PREVIEWS = YES;
				GENERATE_INFOPLIST_FILE = YES;
				INFOPLIST_FILE = docLab2/Info.plist;
				INFOPLIST_KEY_UIApplicationSceneManifest_Generation = YES;
				INFOPLIST_KEY_UIApplicationSupportsIndirectInputEvents = YES;
				INFOPLIST_KEY_UILaunchScreen_Generation = YES;
				INFOPLIST_KEY_UISupportedInterfaceOrientations_iPad = "UIInterfaceOrientationPortrait UIInterfaceOrientationPortraitUpsideDown UIInterfaceOrientationLandscapeLeft UIInterfaceOrientationLandscapeRight";
				INFOPLIST_KEY_UISupportedInterfaceOrientations_iPhone = "UIInterfaceOrientationPortrait UIInterfaceOrientationLandscapeLeft UIInterfaceOrientationLandscapeRight";
				LD_RUNPATH_SEARCH_PATHS = (
					"$(inherited)",
					"@executable_path/Frameworks",
				);
				MARKETING_VERSION = 1.0;
				PRODUCT_BUNDLE_IDENTIFIER = com.experiment.docLab2;
				PRODUCT_NAME = "$(TARGET_NAME)";
				SWIFT_EMIT_LOC_STRINGS = YES;
				SWIFT_VERSION = 5.0;
				TARGETED_DEVICE_FAMILY = "1,2";
			};
			name = Release;
		};
/* End XCBuildConfiguration section */

/* Begin XCConfigurationList section */
		F771F21C2B10382C00928D99 /* Build configuration list for PBXProject "docLab2" */ = {
			isa = XCConfigurationList;
			buildConfigurations = (
				F771F22D2B10382E00928D99 /* Debug */,
				F771F22E2B10382E00928D99 /* Release */,
			);
			defaultConfigurationIsVisible = 0;
			defaultConfigurationName = Release;
		};
		F771F22F2B10382E00928D99 /* Build configuration list for PBXNativeTarget "docLab2" */ = {
			isa = XCConfigurationList;
			buildConfigurations = (
				F771F2302B10382E00928D99 /* Debug */,
				F771F2312B10382E00928D99 /* Release */,
			);
			defaultConfigurationIsVisible = 0;
			defaultConfigurationName = Release;
		};
/* End XCConfigurationList section */
	};
	rootObject = F771F2192B10382C00928D99 /* Project object */;
}
